{
  "name": "test-ts-libavjs-webcodecs-bridge",
  "version": "1.0.0",
  "lockfileVersion": 3,
  "requires": true,
  "packages": {
    "": {
      "name": "test-ts-libavjs-webcodecs-bridge",
      "version": "1.0.0",
      "license": "ISC",
      "dependencies": {
        "libavjs-webcodecs-bridge": "^0.2.0"
      },
      "devDependencies": {
        "typescript": "^5.6.3"
      }
    },
    "node_modules/libavjs-webcodecs-bridge": {
      "version": "0.2.0",
      "resolved": "https://registry.npmjs.org/libavjs-webcodecs-bridge/-/libavjs-webcodecs-bridge-0.2.0.tgz",
      "integrity": "sha512-Sv6YtdSlQy34XghdTeWgQ9lqtEM54chRE8XFBCUjaYekiulC0hNDzGiHeqd8tPwOy3Zo8tHNb87XWJv+CNrYxA==",
      "license": "ISC"
    },
    "node_modules/typescript": {
      "version": "5.6.3",
      "resolved": "https://registry.npmjs.org/typescript/-/typescript-5.6.3.tgz",
      "integrity": "sha512-hjcS1mhfuyi4WW8IWtjP7brDrG2cuDZukyrYrSauoXGNgx0S7zceP07adYkJycEr56BOUTNPzbInooiN3fn1qw==",
      "dev": true,
      "license": "Apache-2.0",
      "bin": {
        "tsc": "bin/tsc",
        "tsserver": "bin/tsserver"
      },
      "engines": {
        "node": ">=14.17"
      }
    }
  }
}
